<Solution>
  <Folder Name="/src/">
    <Project Path="src/Koral/Koral.csproj" />
    <Project Path="src/Koral.Scripting/Koral.Scripting.csproj" />
    <Project Path="src/Koral.UI/Koral.UI.csproj" />
    <Project Path="src/Koral.Net/Koral.Net.csproj" />
    <Project Path="src/Koral.Runner/Koral.Runner.csproj" />
  </Folder>
  <Folder Name="/tests/">
    <Project Path="tests/Koral.Tests/Koral.Tests.csproj" />
  </Folder>
</Solution>
